
Microsoft Visual Studio Solution File, Format Version 12.00
# Visual Studio Version 16
VisualStudioVersion = 16.0.30804.86
MinimumVisualStudioVersion = 10.0.40219.1
Project("{FAE04EC0-301F-11D3-BF4B-00C04F79EFBC}") = "TiposDeDadosBasicos", "TiposDeDadosBasicos\TiposDeDadosBasicos.csproj", "{EBDBF10A-0829-44DF-B207-CA15BE6C7045}"
EndProject
Global
	GlobalSection(SolutionConfigurationPlatforms) = preSolution
		Debug|Any CPU = Debug|Any CPU
		Release|Any CPU = Release|Any CPU
	EndGlobalSection
	GlobalSection(ProjectConfigurationPlatforms) = postSolution
		{EBDBF10A-0829-44DF-B207-CA15BE6C7045}.Debug|Any CPU.ActiveCfg = Debug|Any CPU
		{EBDBF10A-0829-44DF-B207-CA15BE6C7045}.Debug|Any CPU.Build.0 = Debug|Any CPU
		{EBDBF10A-0829-44DF-B207-CA15BE6C7045}.Release|Any CPU.ActiveCfg = Release|Any CPU
		{EBDBF10A-0829-44DF-B207-CA15BE6C7045}.Release|Any CPU.Build.0 = Release|Any CPU
	EndGlobalSection
	GlobalSection(SolutionProperties) = preSolution
		HideSolutionNode = FALSE
	EndGlobalSection
	GlobalSection(ExtensibilityGlobals) = postSolution
		SolutionGuid = {1F7D8280-997F-4AA2-A5CA-BEFE7D173197}
	EndGlobalSection
EndGlobal
