
Microsoft Visual Studio Solution File, Format Version 12.00
# Visual Studio Version 16
VisualStudioVersion = 16.0.30804.86
MinimumVisualStudioVersion = 10.0.40219.1
Project("{FAE04EC0-301F-11D3-BF4B-00C04F79EFBC}") = "ConversaoImplicitaCasting", "ConversaoImplicitaCasting\ConversaoImplicitaCasting.csproj", "{5BFDB41C-7AAD-43D3-898C-9BA9F6F8711A}"
EndProject
Global
	GlobalSection(SolutionConfigurationPlatforms) = preSolution
		Debug|Any CPU = Debug|Any CPU
		Release|Any CPU = Release|Any CPU
	EndGlobalSection
	GlobalSection(ProjectConfigurationPlatforms) = postSolution
		{5BFDB41C-7AAD-43D3-898C-9BA9F6F8711A}.Debug|Any CPU.ActiveCfg = Debug|Any CPU
		{5BFDB41C-7AAD-43D3-898C-9BA9F6F8711A}.Debug|Any CPU.Build.0 = Debug|Any CPU
		{5BFDB41C-7AAD-43D3-898C-9BA9F6F8711A}.Release|Any CPU.ActiveCfg = Release|Any CPU
		{5BFDB41C-7AAD-43D3-898C-9BA9F6F8711A}.Release|Any CPU.Build.0 = Release|Any CPU
	EndGlobalSection
	GlobalSection(SolutionProperties) = preSolution
		HideSolutionNode = FALSE
	EndGlobalSection
	GlobalSection(ExtensibilityGlobals) = postSolution
		SolutionGuid = {20E8FFAF-E554-45B8-89C5-CA455FCB3F01}
	EndGlobalSection
EndGlobal
